
Microsoft Visual Studio Solution File, Format Version 12.00
# Visual Studio 15
VisualStudioVersion = 15.0.28307.438
MinimumVisualStudioVersion = 10.0.40219.1
Project("{8BC9CEB8-8B4A-11D0-8D11-00A0C91BC942}") = "Project2", "Project2\Project2.vcxproj", "{35246624-40B9-499D-B4DB-EC20B6A62043}"
EndProject
Global
	GlobalSection(SolutionConfigurationPlatforms) = preSolution
		Debug|x64 = Debug|x64
		Debug|x86 = Debug|x86
		Release|x64 = Release|x64
		Release|x86 = Release|x86
	EndGlobalSection
	GlobalSection(ProjectConfigurationPlatforms) = postSolution
		{35246624-40B9-499D-B4DB-EC20B6A62043}.Debug|x64.ActiveCfg = Debug|x64
		{35246624-40B9-499D-B4DB-EC20B6A62043}.Debug|x64.Build.0 = Debug|x64
		{35246624-40B9-499D-B4DB-EC20B6A62043}.Debug|x86.ActiveCfg = Debug|Win32
		{35246624-40B9-499D-B4DB-EC20B6A62043}.Debug|x86.Build.0 = Debug|Win32
		{35246624-40B9-499D-B4DB-EC20B6A62043}.Release|x64.ActiveCfg = Release|x64
		{35246624-40B9-499D-B4DB-EC20B6A62043}.Release|x64.Build.0 = Release|x64
		{35246624-40B9-499D-B4DB-EC20B6A62043}.Release|x86.ActiveCfg = Release|Win32
		{35246624-40B9-499D-B4DB-EC20B6A62043}.Release|x86.Build.0 = Release|Win32
	EndGlobalSection
	GlobalSection(SolutionProperties) = preSolution
		HideSolutionNode = FALSE
	EndGlobalSection
	GlobalSection(ExtensibilityGlobals) = postSolution
		SolutionGuid = {330AF4E7-C749-4B15-B2E1-44A8BD50BE6E}
	EndGlobalSection
EndGlobal
